
Microsoft Visual Studio Solution File, Format Version 12.00
# Visual Studio Version 17
VisualStudioVersion = 17.3.32929.385
MinimumVisualStudioVersion = 10.0.40219.1
Project("{FAE04EC0-301F-11D3-BF4B-00C04F79EFBC}") = "WebApiPlayground", "WebApiPlayground.csproj", "{0354BBE5-CC0B-41CD-A418-B63AE1177DDA}"
EndProject
Global
	GlobalSection(SolutionConfigurationPlatforms) = preSolution
		Debug|Any CPU = Debug|Any CPU
		Release|Any CPU = Release|Any CPU
	EndGlobalSection
	GlobalSection(ProjectConfigurationPlatforms) = postSolution
		{0354BBE5-CC0B-41CD-A418-B63AE1177DDA}.Debug|Any CPU.ActiveCfg = Debug|Any CPU
		{0354BBE5-CC0B-41CD-A418-B63AE1177DDA}.Debug|Any CPU.Build.0 = Debug|Any CPU
		{0354BBE5-CC0B-41CD-A418-B63AE1177DDA}.Release|Any CPU.ActiveCfg = Release|Any CPU
		{0354BBE5-CC0B-41CD-A418-B63AE1177DDA}.Release|Any CPU.Build.0 = Release|Any CPU
	EndGlobalSection
	GlobalSection(SolutionProperties) = preSolution
		HideSolutionNode = FALSE
	EndGlobalSection
	GlobalSection(ExtensibilityGlobals) = postSolution
		SolutionGuid = {76417A83-D2DB-4379-989B-A4314821834D}
	EndGlobalSection
EndGlobal
